
Microsoft Visual Studio Solution File, Format Version 12.00
# Visual Studio Version 17
VisualStudioVersion = 17.4.33213.308
MinimumVisualStudioVersion = 10.0.40219.1
Project("{9A19103F-16F7-4668-BE54-9A1E7A4F7556}") = "SPFverter", "SPFConverter\SPFverter.csproj", "{B9A9A2FE-7ADC-434C-9559-A0BCDF156FB6}"
EndProject
Global
	GlobalSection(SolutionConfigurationPlatforms) = preSolution
		Debug|Any CPU = Debug|Any CPU
		Release|Any CPU = Release|Any CPU
	EndGlobalSection
	GlobalSection(ProjectConfigurationPlatforms) = postSolution
		{B9A9A2FE-7ADC-434C-9559-A0BCDF156FB6}.Debug|Any CPU.ActiveCfg = Debug|Any CPU
		{B9A9A2FE-7ADC-434C-9559-A0BCDF156FB6}.Debug|Any CPU.Build.0 = Debug|Any CPU
		{B9A9A2FE-7ADC-434C-9559-A0BCDF156FB6}.Release|Any CPU.ActiveCfg = Release|Any CPU
		{B9A9A2FE-7ADC-434C-9559-A0BCDF156FB6}.Release|Any CPU.Build.0 = Release|Any CPU
	EndGlobalSection
	GlobalSection(SolutionProperties) = preSolution
		HideSolutionNode = FALSE
	EndGlobalSection
	GlobalSection(ExtensibilityGlobals) = postSolution
		SolutionGuid = {8D3410A5-4179-443F-8ED7-69E16A0E45AF}
	EndGlobalSection
EndGlobal
